// !$*UTF8*$!
{
	archiveVersion = 1;
	classes = {
	};
	objectVersion = 46;
	objects = {

/* Begin PBXBuildFile section */
		3BFEA1951A8CA9C1004EAC83 /* main.m in Sources */ = {isa = PBXBuildFile; fileRef = 3BFEA1941A8CA9C1004EAC83 /* main.m */; };
		3BFEA1981A8CA9C1004EAC83 /* AppDelegate.m in Sources */ = {isa = PBXBuildFile; fileRef = 3BFEA1971A8CA9C1004EAC83 /* AppDelegate.m */; };
		3BFEA19B1A8CA9C1004EAC83 /* MasterViewController.m in Sources */ = {isa = PBXBuildFile; fileRef = 3BFEA19A1A8CA9C1004EAC83 /* MasterViewController.m */; };
		3BFEA19E1A8CA9C1004EAC83 /* DetailViewController.m in Sources */ = {isa = PBXBuildFile; fileRef = 3BFEA19D1A8CA9C1004EAC83 /* DetailViewController.m */; };
		3BFEA1A11A8CA9C1004EAC83 /* Main.storyboard in Resources */ = {isa = PBXBuildFile; fileRef = 3BFEA19F1A8CA9C1004EAC83 /* Main.storyboard */; };
		3BFEA1A31A8CA9C1004EAC83 /* Images.xcassets in Resources */ = {isa = PBXBuildFile; fileRef = 3BFEA1A21A8CA9C1004EAC83 /* Images.xcassets */; };
		3BFEA1A61A8CA9C1004EAC83 /* LaunchScreen.xib in Resources */ = {isa = PBXBuildFile; fileRef = 3BFEA1A41A8CA9C1004EAC83 /* LaunchScreen.xib */; };
		3BFEA1B21A8CA9C1004EAC83 /* testAppTests.m in Sources */ = {isa = PBXBuildFile; fileRef = 3BFEA1B11A8CA9C1004EAC83 /* testAppTests.m */; };
/* End PBXBuildFile section */

/* Begin PBXContainerItemProxy section */
		3BFEA1AC1A8CA9C1004EAC83 /* PBXContainerItemProxy */ = {
			isa = PBXContainerItemProxy;
			containerPortal = 3BFEA1871A8CA9C1004EAC83 /* Project object */;
			proxyType = 1;
			remoteGlobalIDString = 3BFEA18E1A8CA9C1004EAC83;
			remoteInfo = testApp;
		};
/* End PBXContainerItemProxy section */

/* Begin PBXFileReference section */
		3BFEA18F1A8CA9C1004EAC83 /* testApp.app */ = {isa = PBXFileReference; explicitFileType = wrapper.application; includeInIndex = 0; path = testApp.app; sourceTree = BUILT_PRODUCTS_DIR; };
		3BFEA1931A8CA9C1004EAC83 /* Info.plist */ = {isa = PBXFileReference; lastKnownFileType = text.plist.xml; path = Info.plist; sourceTree = "<group>"; };
		3BFEA1941A8CA9C1004EAC83 /* main.m */ = {isa = PBXFileReference; lastKnownFileType = sourcecode.c.objc; path = main.m; sourceTree = "<group>"; };
		3BFEA1961A8CA9C1004EAC83 /* AppDelegate.h */ = {isa = PBXFileReference; lastKnownFileType = sourcecode.c.h; path = AppDelegate.h; sourceTree = "<group>"; };
		3BFEA1971A8CA9C1004EAC83 /* AppDelegate.m */ = {isa = PBXFileReference; lastKnownFileType = sourcecode.c.objc; path = AppDelegate.m; sourceTree = "<group>"; };
		3BFEA1991A8CA9C1004EAC83 /* MasterViewController.h */ = {isa = PBXFileReference; lastKnownFileType = sourcecode.c.h; path = MasterViewController.h; sourceTree = "<group>"; };
		3BFEA19A1A8CA9C1004EAC83 /* MasterViewController.m */ = {isa = PBXFileReference; lastKnownFileType = sourcecode.c.objc; path = MasterViewController.m; sourceTree = "<group>"; };
		3BFEA19C1A8CA9C1004EAC83 /* DetailViewController.h */ = {isa = PBXFileReference; lastKnownFileType = sourcecode.c.h; path = DetailViewController.h; sourceTree = "<group>"; };
		3BFEA19D1A8CA9C1004EAC83 /* DetailViewController.m */ = {isa = PBXFileReference; lastKnownFileType = sourcecode.c.objc; path = DetailViewController.m; sourceTree = "<group>"; };
		3BFEA1A01A8CA9C1004EAC83 /* Base */ = {isa = PBXFileReference; lastKnownFileType = file.storyboard; name = Base; path = Base.lproj/Main.storyboard; sourceTree = "<group>"; };
		3BFEA1A21A8CA9C1004EAC83 /* Images.xcassets */ = {isa = PBXFileReference; lastKnownFileType = folder.assetcatalog; path = Images.xcassets; sourceTree = "<group>"; };
		3BFEA1A51A8CA9C1004EAC83 /* Base */ = {isa = PBXFileReference; lastKnownFileType = file.xib; name = Base; path = Base.lproj/LaunchScreen.xib; sourceTree = "<group>"; };
		3BFEA1AB1A8CA9C1004EAC83 /* testAppTests.xctest */ = {isa = PBXFileReference; explicitFileType = wrapper.cfbundle; includeInIndex = 0; path = testAppTests.xctest; sourceTree = BUILT_PRODUCTS_DIR; };
		3BFEA1B01A8CA9C1004EAC83 /* Info.plist */ = {isa = PBXFileReference; lastKnownFileType = text.plist.xml; path = Info.plist; sourceTree = "<group>"; };
		3BFEA1B11A8CA9C1004EAC83 /* testAppTests.m */ = {isa = PBXFileReference; lastKnownFileType = sourcecode.c.objc; path = testAppTests.m; sourceTree = "<group>"; };
/* End PBXFileReference section */

/* Begin PBXFrameworksBuildPhase section */
		3BFEA18C1A8CA9C1004EAC83 /* Frameworks */ = {
			isa = PBXFrameworksBuildPhase;
			buildActionMask = 2147483647;
			files = (
			);
			runOnlyForDeploymentPostprocessing = 0;
		};
		3BFEA1A81A8CA9C1004EAC83 /* Frameworks */ = {
			isa = PBXFrameworksBuildPhase;
			buildActionMask = 2147483647;
			files = (
			);
			runOnlyForDeploymentPostprocessing = 0;
		};
/* End PBXFrameworksBuildPhase section */

/* Begin PBXGroup section */
		3BFEA1861A8CA9C1004EAC83 = {
			isa = PBXGroup;
			children = (
				3BFEA1911A8CA9C1004EAC83 /* testApp */,
				3BFEA1AE1A8CA9C1004EAC83 /* testAppTests */,
				3BFEA1901A8CA9C1004EAC83 /* Products */,
			);
			sourceTree = "<group>";
		};
		3BFEA1901A8CA9C1004EAC83 /* Products */ = {
			isa = PBXGroup;
			children = (
				3BFEA18F1A8CA9C1004EAC83 /* testApp.app */,
				3BFEA1AB1A8CA9C1004EAC83 /* testAppTests.xctest */,
			);
			name = Products;
			sourceTree = "<group>";
		};
		3BFEA1911A8CA9C1004EAC83 /* testApp */ = {
			isa = PBXGroup;
			children = (
				3BFEA1961A8CA9C1004EAC83 /* AppDelegate.h */,
				3BFEA1971A8CA9C1004EAC83 /* AppDelegate.m */,
				3BFEA1991A8CA9C1004EAC83 /* MasterViewController.h */,
				3BFEA19A1A8CA9C1004EAC83 /* MasterViewController.m */,
				3BFEA19C1A8CA9C1004EAC83 /* DetailViewController.h */,
				3BFEA19D1A8CA9C1004EAC83 /* DetailViewController.m */,
				3BFEA19F1A8CA9C1004EAC83 /* Main.storyboard */,
				3BFEA1A21A8CA9C1004EAC83 /* Images.xcassets */,
				3BFEA1A41A8CA9C1004EAC83 /* LaunchScreen.xib */,
				3BFEA1921A8CA9C1004EAC83 /* Supporting Files */,
			);
			path = testApp;
			sourceTree = "<group>";
		};
		3BFEA1921A8CA9C1004EAC83 /* Supporting Files */ = {
			isa = PBXGroup;
			children = (
				3BFEA1931A8CA9C1004EAC83 /* Info.plist */,
				3BFEA1941A8CA9C1004EAC83 /* main.m */,
			);
			name = "Supporting Files";
			sourceTree = "<group>";
		};
		3BFEA1AE1A8CA9C1004EAC83 /* testAppTests */ = {
			isa = PBXGroup;
			children = (
				3BFEA1B11A8CA9C1004EAC83 /* testAppTests.m */,
				3BFEA1AF1A8CA9C1004EAC83 /* Supporting Files */,
			);
			path = testAppTests;
			sourceTree = "<group>";
		};
		3BFEA1AF1A8CA9C1004EAC83 /* Supporting Files */ = {
			isa = PBXGroup;
			children = (
				3BFEA1B01A8CA9C1004EAC83 /* Info.plist */,
			);
			name = "Supporting Files";
			sourceTree = "<group>";
		};
/* End PBXGroup section */

/* Begin PBXNativeTarget section */
		3BFEA18E1A8CA9C1004EAC83 /* testApp */ = {
			isa = PBXNativeTarget;
			buildConfigurationList = 3BFEA1B51A8CA9C1004EAC83 /* Build configuration list for PBXNativeTarget "testApp" */;
			buildPhases = (
				3BFEA18B1A8CA9C1004EAC83 /* Sources */,
				3BFEA18C1A8CA9C1004EAC83 /* Frameworks */,
				3BFEA18D1A8CA9C1004EAC83 /* Resources */,
			);
			buildRules = (
			);
			dependencies = (
			);
			name = testApp;
			productName = testApp;
			productReference = 3BFEA18F1A8CA9C1004EAC83 /* testApp.app */;
			productType = "com.apple.product-type.application";
		};
		3BFEA1AA1A8CA9C1004EAC83 /* testAppTests */ = {
			isa = PBXNativeTarget;
			buildConfigurationList = 3BFEA1B81A8CA9C1004EAC83 /* Build configuration list for PBXNativeTarget "testAppTests" */;
			buildPhases = (
				3BFEA1A71A8CA9C1004EAC83 /* Sources */,
				3BFEA1A81A8CA9C1004EAC83 /* Frameworks */,
				3BFEA1A91A8CA9C1004EAC83 /* Resources */,
			);
			buildRules = (
			);
			dependencies = (
				3BFEA1AD1A8CA9C1004EAC83 /* PBXTargetDependency */,
			);
			name = testAppTests;
			productName = testAppTests;
			productReference = 3BFEA1AB1A8CA9C1004EAC83 /* testAppTests.xctest */;
			productType = "com.apple.product-type.bundle.unit-test";
		};
/* End PBXNativeTarget section */

/* Begin PBXProject section */
		3BFEA1871A8CA9C1004EAC83 /* Project object */ = {
			isa = PBXProject;
			attributes = {
				LastUpgradeCheck = 0610;
				ORGANIZATIONNAME = "We Communicate";
				TargetAttributes = {
					3BFEA18E1A8CA9C1004EAC83 = {
						CreatedOnToolsVersion = 6.1.1;
					};
					3BFEA1AA1A8CA9C1004EAC83 = {
						CreatedOnToolsVersion = 6.1.1;
						TestTargetID = 3BFEA18E1A8CA9C1004EAC83;
					};
				};
			};
			buildConfigurationList = 3BFEA18A1A8CA9C1004EAC83 /* Build configuration list for PBXProject "testApp" */;
			compatibilityVersion = "Xcode 3.2";
			developmentRegion = English;
			hasScannedForEncodings = 0;
			knownRegions = (
				en,
				Base,
			);
			mainGroup = 3BFEA1861A8CA9C1004EAC83;
			productRefGroup = 3BFEA1901A8CA9C1004EAC83 /* Products */;
			projectDirPath = "";
			projectRoot = "";
			targets = (
				3BFEA18E1A8CA9C1004EAC83 /* testApp */,
				3BFEA1AA1A8CA9C1004EAC83 /* testAppTests */,
			);
		};
/* End PBXProject section */

/* Begin PBXResourcesBuildPhase section */
		3BFEA18D1A8CA9C1004EAC83 /* Resources */ = {
			isa = PBXResourcesBuildPhase;
			buildActionMask = 2147483647;
			files = (
				3BFEA1A11A8CA9C1004EAC83 /* Main.storyboard in Resources */,
				3BFEA1A61A8CA9C1004EAC83 /* LaunchScreen.xib in Resources */,
				3BFEA1A31A8CA9C1004EAC83 /* Images.xcassets in Resources */,
			);
			runOnlyForDeploymentPostprocessing = 0;
		};
		3BFEA1A91A8CA9C1004EAC83 /* Resources */ = {
			isa = PBXResourcesBuildPhase;
			buildActionMask = 2147483647;
			files = (
			);
			runOnlyForDeploymentPostprocessing = 0;
		};
/* End PBXResourcesBuildPhase section */

/* Begin PBXSourcesBuildPhase section */
		3BFEA18B1A8CA9C1004EAC83 /* Sources */ = {
			isa = PBXSourcesBuildPhase;
			buildActionMask = 2147483647;
			files = (
				3BFEA1981A8CA9C1004EAC83 /* AppDelegate.m in Sources */,
				3BFEA19B1A8CA9C1004EAC83 /* MasterViewController.m in Sources */,
				3BFEA1951A8CA9C1004EAC83 /* main.m in Sources */,
				3BFEA19E1A8CA9C1004EAC83 /* DetailViewController.m in Sources */,
			);
			runOnlyForDeploymentPostprocessing = 0;
		};
		3BFEA1A71A8CA9C1004EAC83 /* Sources */ = {
			isa = PBXSourcesBuildPhase;
			buildActionMask = 2147483647;
			files = (
				3BFEA1B21A8CA9C1004EAC83 /* testAppTests.m in Sources */,
			);
			runOnlyForDeploymentPostprocessing = 0;
		};
/* End PBXSourcesBuildPhase section */

/* Begin PBXTargetDependency section */
		3BFEA1AD1A8CA9C1004EAC83 /* PBXTargetDependency */ = {
			isa = PBXTargetDependency;
			target = 3BFEA18E1A8CA9C1004EAC83 /* testApp */;
			targetProxy = 3BFEA1AC1A8CA9C1004EAC83 /* PBXContainerItemProxy */;
		};
/* End PBXTargetDependency section */

/* Begin PBXVariantGroup section */
		3BFEA19F1A8CA9C1004EAC83 /* Main.storyboard */ = {
			isa = PBXVariantGroup;
			children = (
				3BFEA1A01A8CA9C1004EAC83 /* Base */,
			);
			name = Main.storyboard;
			sourceTree = "<group>";
		};
		3BFEA1A41A8CA9C1004EAC83 /* LaunchScreen.xib */ = {
			isa = PBXVariantGroup;
			children = (
				3BFEA1A51A8CA9C1004EAC83 /* Base */,
			);
			name = LaunchScreen.xib;
			sourceTree = "<group>";
		};
/* End PBXVariantGroup section */

/* Begin XCBuildConfiguration section */
		3BFEA1B31A8CA9C1004EAC83 /* Debug */ = {
			isa = XCBuildConfiguration;
			buildSettings = {
				ALWAYS_SEARCH_USER_PATHS = NO;
				CLANG_CXX_LANGUAGE_STANDARD = "gnu++0x";
				CLANG_CXX_LIBRARY = "libc++";
				CLANG_ENABLE_MODULES = YES;
				CLANG_ENABLE_OBJC_ARC = YES;
				CLANG_WARN_BOOL_CONVERSION = YES;
				CLANG_WARN_CONSTANT_CONVERSION = YES;
				CLANG_WARN_DIRECT_OBJC_ISA_USAGE = YES_ERROR;
				CLANG_WARN_EMPTY_BODY = YES;
				CLANG_WARN_ENUM_CONVERSION = YES;
				CLANG_WARN_INT_CONVERSION = YES;
				CLANG_WARN_OBJC_ROOT_CLASS = YES_ERROR;
				CLANG_WARN_UNREACHABLE_CODE = YES;
				CLANG_WARN__DUPLICATE_METHOD_MATCH = YES;
				"CODE_SIGN_IDENTITY[sdk=iphoneos*]" = "iPhone Developer";
				COPY_PHASE_STRIP = NO;
				ENABLE_STRICT_OBJC_MSGSEND = YES;
				GCC_C_LANGUAGE_STANDARD = gnu99;
				GCC_DYNAMIC_NO_PIC = NO;
				GCC_OPTIMIZATION_LEVEL = 0;
				GCC_PREPROCESSOR_DEFINITIONS = (
					"DEBUG=1",
					"$(inherited)",
				);
				GCC_SYMBOLS_PRIVATE_EXTERN = NO;
				GCC_WARN_64_TO_32_BIT_CONVERSION = YES;
				GCC_WARN_ABOUT_RETURN_TYPE = YES_ERROR;
				GCC_WARN_UNDECLARED_SELECTOR = YES;
				GCC_WARN_UNINITIALIZED_AUTOS = YES_AGGRESSIVE;
				GCC_WARN_UNUSED_FUNCTION = YES;
				GCC_WARN_UNUSED_VARIABLE = YES;
				IPHONEOS_DEPLOYMENT_TARGET = 8.1;
				MTL_ENABLE_DEBUG_INFO = YES;
				ONLY_ACTIVE_ARCH = YES;
				SDKROOT = iphoneos;
				TARGETED_DEVICE_FAMILY = "1,2";
			};
			name = Debug;
		};
		3BFEA1B41A8CA9C1004EAC83 /* Release */ = {
			isa = XCBuildConfiguration;
			buildSettings = {
				ALWAYS_SEARCH_USER_PATHS = NO;
				CLANG_CXX_LANGUAGE_STANDARD = "gnu++0x";
				CLANG_CXX_LIBRARY = "libc++";
				CLANG_ENABLE_MODULES = YES;
				CLANG_ENABLE_OBJC_ARC = YES;
				CLANG_WARN_BOOL_CONVERSION = YES;
				CLANG_WARN_CONSTANT_CONVERSION = YES;
				CLANG_WARN_DIRECT_OBJC_ISA_USAGE = YES_ERROR;
				CLANG_WARN_EMPTY_BODY = YES;
				CLANG_WARN_ENUM_CONVERSION = YES;
				CLANG_WARN_INT_CONVERSION = YES;
				CLANG_WARN_OBJC_ROOT_CLASS = YES_ERROR;
				CLANG_WARN_UNREACHABLE_CODE = YES;
				CLANG_WARN__DUPLICATE_METHOD_MATCH = YES;
				"CODE_SIGN_IDENTITY[sdk=iphoneos*]" = "iPhone Developer";
				COPY_PHASE_STRIP = YES;
				ENABLE_NS_ASSERTIONS = NO;
				ENABLE_STRICT_OBJC_MSGSEND = YES;
				GCC_C_LANGUAGE_STANDARD = gnu99;
				GCC_WARN_64_TO_32_BIT_CONVERSION = YES;
				GCC_WARN_ABOUT_RETURN_TYPE = YES_ERROR;
				GCC_WARN_UNDECLARED_SELECTOR = YES;
				GCC_WARN_UNINITIALIZED_AUTOS = YES_AGGRESSIVE;
				GCC_WARN_UNUSED_FUNCTION = YES;
				GCC_WARN_UNUSED_VARIABLE = YES;
				IPHONEOS_DEPLOYMENT_TARGET = 8.1;
				MTL_ENABLE_DEBUG_INFO = NO;
				SDKROOT = iphoneos;
				TARGETED_DEVICE_FAMILY = "1,2";
				VALIDATE_PRODUCT = YES;
			};
			name = Release;
		};
		3BFEA1B61A8CA9C1004EAC83 /* Debug */ = {
			isa = XCBuildConfiguration;
			buildSettings = {
				ASSETCATALOG_COMPILER_APPICON_NAME = AppIcon;
				INFOPLIST_FILE = testApp/Info.plist;
				LD_RUNPATH_SEARCH_PATHS = "$(inherited) @executable_path/Frameworks";
				PRODUCT_NAME = "$(TARGET_NAME)";
			};
			name = Debug;
		};
		3BFEA1B71A8CA9C1004EAC83 /* Release */ = {
			isa = XCBuildConfiguration;
			buildSettings = {
				ASSETCATALOG_COMPILER_APPICON_NAME = AppIcon;
				INFOPLIST_FILE = testApp/Info.plist;
				LD_RUNPATH_SEARCH_PATHS = "$(inherited) @executable_path/Frameworks";
				PRODUCT_NAME = "$(TARGET_NAME)";
			};
			name = Release;
		};
		3BFEA1B91A8CA9C1004EAC83 /* Debug */ = {
			isa = XCBuildConfiguration;
			buildSettings = {
				BUNDLE_LOADER = "$(TEST_HOST)";
				FRAMEWORK_SEARCH_PATHS = (
					"$(SDKROOT)/Developer/Library/Frameworks",
					"$(inherited)",
				);
				GCC_PREPROCESSOR_DEFINITIONS = (
					"DEBUG=1",
					"$(inherited)",
				);
				INFOPLIST_FILE = testAppTests/Info.plist;
				LD_RUNPATH_SEARCH_PATHS = "$(inherited) @executable_path/Frameworks @loader_path/Frameworks";
				PRODUCT_NAME = "$(TARGET_NAME)";
				TEST_HOST = "$(BUILT_PRODUCTS_DIR)/testApp.app/testApp";
			};
			name = Debug;
		};
		3BFEA1BA1A8CA9C1004EAC83 /* Release */ = {
			isa = XCBuildConfiguration;
			buildSettings = {
				BUNDLE_LOADER = "$(TEST_HOST)";
				FRAMEWORK_SEARCH_PATHS = (
					"$(SDKROOT)/Developer/Library/Frameworks",
					"$(inherited)",
				);
				INFOPLIST_FILE = testAppTests/Info.plist;
				LD_RUNPATH_SEARCH_PATHS = "$(inherited) @executable_path/Frameworks @loader_path/Frameworks";
				PRODUCT_NAME = "$(TARGET_NAME)";
				TEST_HOST = "$(BUILT_PRODUCTS_DIR)/testApp.app/testApp";
			};
			name = Release;
		};
/* End XCBuildConfiguration section */

/* Begin XCConfigurationList section */
		3BFEA18A1A8CA9C1004EAC83 /* Build configuration list for PBXProject "testApp" */ = {
			isa = XCConfigurationList;
			buildConfigurations = (
				3BFEA1B31A8CA9C1004EAC83 /* Debug */,
				3BFEA1B41A8CA9C1004EAC83 /* Release */,
			);
			defaultConfigurationIsVisible = 0;
			defaultConfigurationName = Release;
		};
		3BFEA1B51A8CA9C1004EAC83 /* Build configuration list for PBXNativeTarget "testApp" */ = {
			isa = XCConfigurationList;
			buildConfigurations = (
				3BFEA1B61A8CA9C1004EAC83 /* Debug */,
				3BFEA1B71A8CA9C1004EAC83 /* Release */,
			);
			defaultConfigurationIsVisible = 0;
		};
		3BFEA1B81A8CA9C1004EAC83 /* Build configuration list for PBXNativeTarget "testAppTests" */ = {
			isa = XCConfigurationList;
			buildConfigurations = (
				3BFEA1B91A8CA9C1004EAC83 /* Debug */,
				3BFEA1BA1A8CA9C1004EAC83 /* Release */,
			);
			defaultConfigurationIsVisible = 0;
		};
/* End XCConfigurationList section */
	};
	rootObject = 3BFEA1871A8CA9C1004EAC83 /* Project object */;
}
